{
  "name": "design-system-sample",
  "version": "1.0.0",
  "lockfileVersion": 3,
  "requires": true,
  "packages": {
    "": {
      "name": "design-system-sample",
      "version": "1.0.0",
      "license": "MIT",
      "workspaces": [
        "packages/html"
      ]
    },
    "node_modules/html": {
      "resolved": "packages/html",
      "link": true
    },
    "packages/html": {
      "version": "1.0.0",
      "license": "ISC"
    }
  }
}
